// !$*UTF8*$!
{
	archiveVersion = 1;
	classes = {
	};
	objectVersion = 56;
	objects = {

/* Begin PBXBuildFile section */
		F488F08C28FFA75800264AC6 /* ExameniOSApp.swift in Sources */ = {isa = PBXBuildFile; fileRef = F488F08B28FFA75800264AC6 /* ExameniOSApp.swift */; };
		F488F08E28FFA75800264AC6 /* ContentView.swift in Sources */ = {isa = PBXBuildFile; fileRef = F488F08D28FFA75800264AC6 /* ContentView.swift */; };
		F488F09028FFA75900264AC6 /* Assets.xcassets in Resources */ = {isa = PBXBuildFile; fileRef = F488F08F28FFA75900264AC6 /* Assets.xcassets */; };
		F488F09328FFA75900264AC6 /* Preview Assets.xcassets in Resources */ = {isa = PBXBuildFile; fileRef = F488F09228FFA75900264AC6 /* Preview Assets.xcassets */; };
		F488F0A728FFAE4F00264AC6 /* MovieService.swift in Sources */ = {isa = PBXBuildFile; fileRef = F488F0A528FFAE4F00264AC6 /* MovieService.swift */; };
		F488F0A828FFAE4F00264AC6 /* MovieStore.swift in Sources */ = {isa = PBXBuildFile; fileRef = F488F0A628FFAE4F00264AC6 /* MovieStore.swift */; };
		F488F0AC29003A3C00264AC6 /* Utils.swift in Sources */ = {isa = PBXBuildFile; fileRef = F488F0AB29003A3C00264AC6 /* Utils.swift */; };
		F488F0AF29003ACD00264AC6 /* Movie.swift in Sources */ = {isa = PBXBuildFile; fileRef = F488F0AD29003ACC00264AC6 /* Movie.swift */; };
		F490670F2900D2ED0003D9B4 /* FirebaseDatabase in Frameworks */ = {isa = PBXBuildFile; productRef = F490670E2900D2ED0003D9B4 /* FirebaseDatabase */; };
		F49067112900D2ED0003D9B4 /* FirebaseDatabaseSwift in Frameworks */ = {isa = PBXBuildFile; productRef = F49067102900D2ED0003D9B4 /* FirebaseDatabaseSwift */; };
		F49067132900D2ED0003D9B4 /* FirebaseStorage in Frameworks */ = {isa = PBXBuildFile; productRef = F49067122900D2ED0003D9B4 /* FirebaseStorage */; };
		F49067152900D2ED0003D9B4 /* FirebaseStorageCombine-Community in Frameworks */ = {isa = PBXBuildFile; productRef = F49067142900D2ED0003D9B4 /* FirebaseStorageCombine-Community */; };
		F4C8A31D2900D100007B2661 /* ImagePickerView.swift in Sources */ = {isa = PBXBuildFile; fileRef = F4C8A3042900D0FF007B2661 /* ImagePickerView.swift */; };
		F4C8A31E2900D100007B2661 /* CameraView.swift in Sources */ = {isa = PBXBuildFile; fileRef = F4C8A3052900D0FF007B2661 /* CameraView.swift */; };
		F4C8A31F2900D100007B2661 /* Coordinator.swift in Sources */ = {isa = PBXBuildFile; fileRef = F4C8A3062900D0FF007B2661 /* Coordinator.swift */; };
		F4C8A3202900D100007B2661 /* MovieListInteractor.swift in Sources */ = {isa = PBXBuildFile; fileRef = F4C8A3082900D0FF007B2661 /* MovieListInteractor.swift */; };
		F4C8A3212900D100007B2661 /* MovieListView.swift in Sources */ = {isa = PBXBuildFile; fileRef = F4C8A3092900D0FF007B2661 /* MovieListView.swift */; };
		F4C8A3222900D100007B2661 /* MoviePosterCard.swift in Sources */ = {isa = PBXBuildFile; fileRef = F4C8A30B2900D0FF007B2661 /* MoviePosterCard.swift */; };
		F4C8A3232900D100007B2661 /* MovieBackdropCard.swift in Sources */ = {isa = PBXBuildFile; fileRef = F4C8A30C2900D0FF007B2661 /* MovieBackdropCard.swift */; };
		F4C8A3242900D100007B2661 /* MovieBackdropCarouselView.swift in Sources */ = {isa = PBXBuildFile; fileRef = F4C8A30D2900D0FF007B2661 /* MovieBackdropCarouselView.swift */; };
		F4C8A3252900D100007B2661 /* MoviePosterCarouselView.swift in Sources */ = {isa = PBXBuildFile; fileRef = F4C8A30E2900D0FF007B2661 /* MoviePosterCarouselView.swift */; };
		F4C8A3262900D100007B2661 /* MovieListPresenter.swift in Sources */ = {isa = PBXBuildFile; fileRef = F4C8A30F2900D0FF007B2661 /* MovieListPresenter.swift */; };
		F4C8A3272900D100007B2661 /* MovieListRouter.swift in Sources */ = {isa = PBXBuildFile; fileRef = F4C8A3102900D0FF007B2661 /* MovieListRouter.swift */; };
		F4C8A3282900D100007B2661 /* MovieDetailView.swift in Sources */ = {isa = PBXBuildFile; fileRef = F4C8A3122900D0FF007B2661 /* MovieDetailView.swift */; };
		F4C8A3292900D100007B2661 /* MovieDetailInteractor.swift in Sources */ = {isa = PBXBuildFile; fileRef = F4C8A3132900D0FF007B2661 /* MovieDetailInteractor.swift */; };
		F4C8A32A2900D100007B2661 /* MovieDetailRouter.swift in Sources */ = {isa = PBXBuildFile; fileRef = F4C8A3142900D0FF007B2661 /* MovieDetailRouter.swift */; };
		F4C8A32B2900D100007B2661 /* MovieDetailPresenter.swift in Sources */ = {isa = PBXBuildFile; fileRef = F4C8A3152900D0FF007B2661 /* MovieDetailPresenter.swift */; };
		F4C8A32C2900D100007B2661 /* RequestSelfieView.swift in Sources */ = {isa = PBXBuildFile; fileRef = F4C8A3172900D0FF007B2661 /* RequestSelfieView.swift */; };
		F4C8A32D2900D100007B2661 /* SelfieNameUserView.swift in Sources */ = {isa = PBXBuildFile; fileRef = F4C8A3182900D0FF007B2661 /* SelfieNameUserView.swift */; };
		F4C8A32E2900D100007B2661 /* UsernameViewCell.swift in Sources */ = {isa = PBXBuildFile; fileRef = F4C8A3192900D0FF007B2661 /* UsernameViewCell.swift */; };
		F4C8A32F2900D100007B2661 /* AppDelegate.swift in Sources */ = {isa = PBXBuildFile; fileRef = F4C8A31A2900D0FF007B2661 /* AppDelegate.swift */; };
		F4C8A3302900D100007B2661 /* FirebaseManager.swift in Sources */ = {isa = PBXBuildFile; fileRef = F4C8A31B2900D100007B2661 /* FirebaseManager.swift */; };
		F4C8A3312900D100007B2661 /* GoogleService-Info.plist in Resources */ = {isa = PBXBuildFile; fileRef = F4C8A31C2900D100007B2661 /* GoogleService-Info.plist */; };
/* End PBXBuildFile section */

/* Begin PBXFileReference section */
		F488F08828FFA75800264AC6 /* ExameniOS.app */ = {isa = PBXFileReference; explicitFileType = wrapper.application; includeInIndex = 0; path = ExameniOS.app; sourceTree = BUILT_PRODUCTS_DIR; };
		F488F08B28FFA75800264AC6 /* ExameniOSApp.swift */ = {isa = PBXFileReference; lastKnownFileType = sourcecode.swift; path = ExameniOSApp.swift; sourceTree = "<group>"; };
		F488F08D28FFA75800264AC6 /* ContentView.swift */ = {isa = PBXFileReference; lastKnownFileType = sourcecode.swift; path = ContentView.swift; sourceTree = "<group>"; };
		F488F08F28FFA75900264AC6 /* Assets.xcassets */ = {isa = PBXFileReference; lastKnownFileType = folder.assetcatalog; path = Assets.xcassets; sourceTree = "<group>"; };
		F488F09228FFA75900264AC6 /* Preview Assets.xcassets */ = {isa = PBXFileReference; lastKnownFileType = folder.assetcatalog; path = "Preview Assets.xcassets"; sourceTree = "<group>"; };
		F488F09928FFA92D00264AC6 /* Info.plist */ = {isa = PBXFileReference; lastKnownFileType = text.plist; path = Info.plist; sourceTree = "<group>"; };
		F488F0A528FFAE4F00264AC6 /* MovieService.swift */ = {isa = PBXFileReference; fileEncoding = 4; lastKnownFileType = sourcecode.swift; path = MovieService.swift; sourceTree = "<group>"; };
		F488F0A628FFAE4F00264AC6 /* MovieStore.swift */ = {isa = PBXFileReference; fileEncoding = 4; lastKnownFileType = sourcecode.swift; path = MovieStore.swift; sourceTree = "<group>"; };
		F488F0AB29003A3C00264AC6 /* Utils.swift */ = {isa = PBXFileReference; fileEncoding = 4; lastKnownFileType = sourcecode.swift; path = Utils.swift; sourceTree = "<group>"; };
		F488F0AD29003ACC00264AC6 /* Movie.swift */ = {isa = PBXFileReference; fileEncoding = 4; lastKnownFileType = sourcecode.swift; path = Movie.swift; sourceTree = "<group>"; };
		F4C8A3042900D0FF007B2661 /* ImagePickerView.swift */ = {isa = PBXFileReference; fileEncoding = 4; lastKnownFileType = sourcecode.swift; path = ImagePickerView.swift; sourceTree = "<group>"; };
		F4C8A3052900D0FF007B2661 /* CameraView.swift */ = {isa = PBXFileReference; fileEncoding = 4; lastKnownFileType = sourcecode.swift; path = CameraView.swift; sourceTree = "<group>"; };
		F4C8A3062900D0FF007B2661 /* Coordinator.swift */ = {isa = PBXFileReference; fileEncoding = 4; lastKnownFileType = sourcecode.swift; path = Coordinator.swift; sourceTree = "<group>"; };
		F4C8A3082900D0FF007B2661 /* MovieListInteractor.swift */ = {isa = PBXFileReference; fileEncoding = 4; lastKnownFileType = sourcecode.swift; path = MovieListInteractor.swift; sourceTree = "<group>"; };
		F4C8A3092900D0FF007B2661 /* MovieListView.swift */ = {isa = PBXFileReference; fileEncoding = 4; lastKnownFileType = sourcecode.swift; path = MovieListView.swift; sourceTree = "<group>"; };
		F4C8A30B2900D0FF007B2661 /* MoviePosterCard.swift */ = {isa = PBXFileReference; fileEncoding = 4; lastKnownFileType = sourcecode.swift; path = MoviePosterCard.swift; sourceTree = "<group>"; };
		F4C8A30C2900D0FF007B2661 /* MovieBackdropCard.swift */ = {isa = PBXFileReference; fileEncoding = 4; lastKnownFileType = sourcecode.swift; path = MovieBackdropCard.swift; sourceTree = "<group>"; };
		F4C8A30D2900D0FF007B2661 /* MovieBackdropCarouselView.swift */ = {isa = PBXFileReference; fileEncoding = 4; lastKnownFileType = sourcecode.swift; path = MovieBackdropCarouselView.swift; sourceTree = "<group>"; };
		F4C8A30E2900D0FF007B2661 /* MoviePosterCarouselView.swift */ = {isa = PBXFileReference; fileEncoding = 4; lastKnownFileType = sourcecode.swift; path = MoviePosterCarouselView.swift; sourceTree = "<group>"; };
		F4C8A30F2900D0FF007B2661 /* MovieListPresenter.swift */ = {isa = PBXFileReference; fileEncoding = 4; lastKnownFileType = sourcecode.swift; path = MovieListPresenter.swift; sourceTree = "<group>"; };
		F4C8A3102900D0FF007B2661 /* MovieListRouter.swift */ = {isa = PBXFileReference; fileEncoding = 4; lastKnownFileType = sourcecode.swift; path = MovieListRouter.swift; sourceTree = "<group>"; };
		F4C8A3122900D0FF007B2661 /* MovieDetailView.swift */ = {isa = PBXFileReference; fileEncoding = 4; lastKnownFileType = sourcecode.swift; path = MovieDetailView.swift; sourceTree = "<group>"; };
		F4C8A3132900D0FF007B2661 /* MovieDetailInteractor.swift */ = {isa = PBXFileReference; fileEncoding = 4; lastKnownFileType = sourcecode.swift; path = MovieDetailInteractor.swift; sourceTree = "<group>"; };
		F4C8A3142900D0FF007B2661 /* MovieDetailRouter.swift */ = {isa = PBXFileReference; fileEncoding = 4; lastKnownFileType = sourcecode.swift; path = MovieDetailRouter.swift; sourceTree = "<group>"; };
		F4C8A3152900D0FF007B2661 /* MovieDetailPresenter.swift */ = {isa = PBXFileReference; fileEncoding = 4; lastKnownFileType = sourcecode.swift; path = MovieDetailPresenter.swift; sourceTree = "<group>"; };
		F4C8A3172900D0FF007B2661 /* RequestSelfieView.swift */ = {isa = PBXFileReference; fileEncoding = 4; lastKnownFileType = sourcecode.swift; path = RequestSelfieView.swift; sourceTree = "<group>"; };
		F4C8A3182900D0FF007B2661 /* SelfieNameUserView.swift */ = {isa = PBXFileReference; fileEncoding = 4; lastKnownFileType = sourcecode.swift; path = SelfieNameUserView.swift; sourceTree = "<group>"; };
		F4C8A3192900D0FF007B2661 /* UsernameViewCell.swift */ = {isa = PBXFileReference; fileEncoding = 4; lastKnownFileType = sourcecode.swift; path = UsernameViewCell.swift; sourceTree = "<group>"; };
		F4C8A31A2900D0FF007B2661 /* AppDelegate.swift */ = {isa = PBXFileReference; fileEncoding = 4; lastKnownFileType = sourcecode.swift; name = AppDelegate.swift; path = ExameniOS/AppDelegate.swift; sourceTree = "<group>"; };
		F4C8A31B2900D100007B2661 /* FirebaseManager.swift */ = {isa = PBXFileReference; fileEncoding = 4; lastKnownFileType = sourcecode.swift; name = FirebaseManager.swift; path = ExameniOS/FirebaseManager.swift; sourceTree = "<group>"; };
		F4C8A31C2900D100007B2661 /* GoogleService-Info.plist */ = {isa = PBXFileReference; fileEncoding = 4; lastKnownFileType = text.plist.xml; name = "GoogleService-Info.plist"; path = "ExameniOS/GoogleService-Info.plist"; sourceTree = "<group>"; };
/* End PBXFileReference section */

/* Begin PBXFrameworksBuildPhase section */
		F488F08528FFA75800264AC6 /* Frameworks */ = {
			isa = PBXFrameworksBuildPhase;
			buildActionMask = 2147483647;
			files = (
				F49067112900D2ED0003D9B4 /* FirebaseDatabaseSwift in Frameworks */,
				F490670F2900D2ED0003D9B4 /* FirebaseDatabase in Frameworks */,
				F49067152900D2ED0003D9B4 /* FirebaseStorageCombine-Community in Frameworks */,
				F49067132900D2ED0003D9B4 /* FirebaseStorage in Frameworks */,
			);
			runOnlyForDeploymentPostprocessing = 0;
		};
/* End PBXFrameworksBuildPhase section */

/* Begin PBXGroup section */
		F488F07F28FFA75800264AC6 = {
			isa = PBXGroup;
			children = (
				F4C8A31A2900D0FF007B2661 /* AppDelegate.swift */,
				F4C8A31B2900D100007B2661 /* FirebaseManager.swift */,
				F4C8A31C2900D100007B2661 /* GoogleService-Info.plist */,
				F4C8A3022900D0FF007B2661 /* Modules */,
				F488F08A28FFA75800264AC6 /* ExameniOS */,
				F488F08928FFA75800264AC6 /* Products */,
			);
			sourceTree = "<group>";
		};
		F488F08928FFA75800264AC6 /* Products */ = {
			isa = PBXGroup;
			children = (
				F488F08828FFA75800264AC6 /* ExameniOS.app */,
			);
			name = Products;
			sourceTree = "<group>";
		};
		F488F08A28FFA75800264AC6 /* ExameniOS */ = {
			isa = PBXGroup;
			children = (
				F488F0AB29003A3C00264AC6 /* Utils.swift */,
				F488F0AA28FFAEF000264AC6 /* Entities */,
				F488F0A928FFAEBD00264AC6 /* Datasources */,
				F488F09928FFA92D00264AC6 /* Info.plist */,
				F488F08B28FFA75800264AC6 /* ExameniOSApp.swift */,
				F488F08D28FFA75800264AC6 /* ContentView.swift */,
				F488F08F28FFA75900264AC6 /* Assets.xcassets */,
				F488F09128FFA75900264AC6 /* Preview Content */,
			);
			path = ExameniOS;
			sourceTree = "<group>";
		};
		F488F09128FFA75900264AC6 /* Preview Content */ = {
			isa = PBXGroup;
			children = (
				F488F09228FFA75900264AC6 /* Preview Assets.xcassets */,
			);
			path = "Preview Content";
			sourceTree = "<group>";
		};
		F488F0A428FFADFD00264AC6 /* Services */ = {
			isa = PBXGroup;
			children = (
				F488F0A528FFAE4F00264AC6 /* MovieService.swift */,
				F488F0A628FFAE4F00264AC6 /* MovieStore.swift */,
			);
			path = Services;
			sourceTree = "<group>";
		};
		F488F0A928FFAEBD00264AC6 /* Datasources */ = {
			isa = PBXGroup;
			children = (
				F488F0A428FFADFD00264AC6 /* Services */,
			);
			path = Datasources;
			sourceTree = "<group>";
		};
		F488F0AA28FFAEF000264AC6 /* Entities */ = {
			isa = PBXGroup;
			children = (
				F488F0AD29003ACC00264AC6 /* Movie.swift */,
			);
			path = Entities;
			sourceTree = "<group>";
		};
		F4C8A3022900D0FF007B2661 /* Modules */ = {
			isa = PBXGroup;
			children = (
				F4C8A3032900D0FF007B2661 /* Camera */,
				F4C8A3072900D0FF007B2661 /* Movies */,
				F4C8A3112900D0FF007B2661 /* MovieDetail */,
				F4C8A3162900D0FF007B2661 /* UserIdentification */,
			);
			name = Modules;
			path = ExameniOS/Modules;
			sourceTree = "<group>";
		};
		F4C8A3032900D0FF007B2661 /* Camera */ = {
			isa = PBXGroup;
			children = (
				F4C8A3042900D0FF007B2661 /* ImagePickerView.swift */,
				F4C8A3052900D0FF007B2661 /* CameraView.swift */,
				F4C8A3062900D0FF007B2661 /* Coordinator.swift */,
			);
			path = Camera;
			sourceTree = "<group>";
		};
		F4C8A3072900D0FF007B2661 /* Movies */ = {
			isa = PBXGroup;
			children = (
				F4C8A3082900D0FF007B2661 /* MovieListInteractor.swift */,
				F4C8A3092900D0FF007B2661 /* MovieListView.swift */,
				F4C8A30A2900D0FF007B2661 /* SubViews */,
				F4C8A30F2900D0FF007B2661 /* MovieListPresenter.swift */,
				F4C8A3102900D0FF007B2661 /* MovieListRouter.swift */,
			);
			path = Movies;
			sourceTree = "<group>";
		};
		F4C8A30A2900D0FF007B2661 /* SubViews */ = {
			isa = PBXGroup;
			children = (
				F4C8A30B2900D0FF007B2661 /* MoviePosterCard.swift */,
				F4C8A30C2900D0FF007B2661 /* MovieBackdropCard.swift */,
				F4C8A30D2900D0FF007B2661 /* MovieBackdropCarouselView.swift */,
				F4C8A30E2900D0FF007B2661 /* MoviePosterCarouselView.swift */,
			);
			path = SubViews;
			sourceTree = "<group>";
		};
		F4C8A3112900D0FF007B2661 /* MovieDetail */ = {
			isa = PBXGroup;
			children = (
				F4C8A3122900D0FF007B2661 /* MovieDetailView.swift */,
				F4C8A3132900D0FF007B2661 /* MovieDetailInteractor.swift */,
				F4C8A3142900D0FF007B2661 /* MovieDetailRouter.swift */,
				F4C8A3152900D0FF007B2661 /* MovieDetailPresenter.swift */,
			);
			path = MovieDetail;
			sourceTree = "<group>";
		};
		F4C8A3162900D0FF007B2661 /* UserIdentification */ = {
			isa = PBXGroup;
			children = (
				F4C8A3172900D0FF007B2661 /* RequestSelfieView.swift */,
				F4C8A3182900D0FF007B2661 /* SelfieNameUserView.swift */,
				F4C8A3192900D0FF007B2661 /* UsernameViewCell.swift */,
			);
			path = UserIdentification;
			sourceTree = "<group>";
		};
/* End PBXGroup section */

/* Begin PBXNativeTarget section */
		F488F08728FFA75800264AC6 /* ExameniOS */ = {
			isa = PBXNativeTarget;
			buildConfigurationList = F488F09628FFA75900264AC6 /* Build configuration list for PBXNativeTarget "ExameniOS" */;
			buildPhases = (
				F488F08428FFA75800264AC6 /* Sources */,
				F488F08528FFA75800264AC6 /* Frameworks */,
				F488F08628FFA75800264AC6 /* Resources */,
			);
			buildRules = (
			);
			dependencies = (
			);
			name = ExameniOS;
			packageProductDependencies = (
				F490670E2900D2ED0003D9B4 /* FirebaseDatabase */,
				F49067102900D2ED0003D9B4 /* FirebaseDatabaseSwift */,
				F49067122900D2ED0003D9B4 /* FirebaseStorage */,
				F49067142900D2ED0003D9B4 /* FirebaseStorageCombine-Community */,
			);
			productName = ExameniOS;
			productReference = F488F08828FFA75800264AC6 /* ExameniOS.app */;
			productType = "com.apple.product-type.application";
		};
/* End PBXNativeTarget section */

/* Begin PBXProject section */
		F488F08028FFA75800264AC6 /* Project object */ = {
			isa = PBXProject;
			attributes = {
				BuildIndependentTargetsInParallel = 1;
				LastSwiftUpdateCheck = 1400;
				LastUpgradeCheck = 1400;
				TargetAttributes = {
					F488F08728FFA75800264AC6 = {
						CreatedOnToolsVersion = 14.0.1;
					};
				};
			};
			buildConfigurationList = F488F08328FFA75800264AC6 /* Build configuration list for PBXProject "ExameniOS" */;
			compatibilityVersion = "Xcode 14.0";
			developmentRegion = en;
			hasScannedForEncodings = 0;
			knownRegions = (
				en,
				Base,
			);
			mainGroup = F488F07F28FFA75800264AC6;
			packageReferences = (
				F490670D2900D2ED0003D9B4 /* XCRemoteSwiftPackageReference "firebase-ios-sdk" */,
			);
			productRefGroup = F488F08928FFA75800264AC6 /* Products */;
			projectDirPath = "";
			projectRoot = "";
			targets = (
				F488F08728FFA75800264AC6 /* ExameniOS */,
			);
		};
/* End PBXProject section */

/* Begin PBXResourcesBuildPhase section */
		F488F08628FFA75800264AC6 /* Resources */ = {
			isa = PBXResourcesBuildPhase;
			buildActionMask = 2147483647;
			files = (
				F488F09328FFA75900264AC6 /* Preview Assets.xcassets in Resources */,
				F488F09028FFA75900264AC6 /* Assets.xcassets in Resources */,
				F4C8A3312900D100007B2661 /* GoogleService-Info.plist in Resources */,
			);
			runOnlyForDeploymentPostprocessing = 0;
		};
/* End PBXResourcesBuildPhase section */

/* Begin PBXSourcesBuildPhase section */
		F488F08428FFA75800264AC6 /* Sources */ = {
			isa = PBXSourcesBuildPhase;
			buildActionMask = 2147483647;
			files = (
				F488F0A728FFAE4F00264AC6 /* MovieService.swift in Sources */,
				F4C8A31E2900D100007B2661 /* CameraView.swift in Sources */,
				F4C8A32B2900D100007B2661 /* MovieDetailPresenter.swift in Sources */,
				F4C8A3252900D100007B2661 /* MoviePosterCarouselView.swift in Sources */,
				F488F08E28FFA75800264AC6 /* ContentView.swift in Sources */,
				F4C8A3242900D100007B2661 /* MovieBackdropCarouselView.swift in Sources */,
				F488F0AF29003ACD00264AC6 /* Movie.swift in Sources */,
				F488F08C28FFA75800264AC6 /* ExameniOSApp.swift in Sources */,
				F4C8A3302900D100007B2661 /* FirebaseManager.swift in Sources */,
				F4C8A32F2900D100007B2661 /* AppDelegate.swift in Sources */,
				F4C8A3202900D100007B2661 /* MovieListInteractor.swift in Sources */,
				F4C8A32C2900D100007B2661 /* RequestSelfieView.swift in Sources */,
				F4C8A3292900D100007B2661 /* MovieDetailInteractor.swift in Sources */,
				F488F0A828FFAE4F00264AC6 /* MovieStore.swift in Sources */,
				F4C8A32A2900D100007B2661 /* MovieDetailRouter.swift in Sources */,
				F4C8A32E2900D100007B2661 /* UsernameViewCell.swift in Sources */,
				F4C8A3232900D100007B2661 /* MovieBackdropCard.swift in Sources */,
				F4C8A3262900D100007B2661 /* MovieListPresenter.swift in Sources */,
				F4C8A32D2900D100007B2661 /* SelfieNameUserView.swift in Sources */,
				F4C8A3212900D100007B2661 /* MovieListView.swift in Sources */,
				F4C8A3282900D100007B2661 /* MovieDetailView.swift in Sources */,
				F4C8A31F2900D100007B2661 /* Coordinator.swift in Sources */,
				F4C8A31D2900D100007B2661 /* ImagePickerView.swift in Sources */,
				F488F0AC29003A3C00264AC6 /* Utils.swift in Sources */,
				F4C8A3272900D100007B2661 /* MovieListRouter.swift in Sources */,
				F4C8A3222900D100007B2661 /* MoviePosterCard.swift in Sources */,
			);
			runOnlyForDeploymentPostprocessing = 0;
		};
/* End PBXSourcesBuildPhase section */

/* Begin XCBuildConfiguration section */
		F488F09428FFA75900264AC6 /* Debug */ = {
			isa = XCBuildConfiguration;
			buildSettings = {
				ALWAYS_SEARCH_USER_PATHS = NO;
				CLANG_ANALYZER_NONNULL = YES;
				CLANG_ANALYZER_NUMBER_OBJECT_CONVERSION = YES_AGGRESSIVE;
				CLANG_CXX_LANGUAGE_STANDARD = "gnu++20";
				CLANG_ENABLE_MODULES = YES;
				CLANG_ENABLE_OBJC_ARC = YES;
				CLANG_ENABLE_OBJC_WEAK = YES;
				CLANG_WARN_BLOCK_CAPTURE_AUTORELEASING = YES;
				CLANG_WARN_BOOL_CONVERSION = YES;
				CLANG_WARN_COMMA = YES;
				CLANG_WARN_CONSTANT_CONVERSION = YES;
				CLANG_WARN_DEPRECATED_OBJC_IMPLEMENTATIONS = YES;
				CLANG_WARN_DIRECT_OBJC_ISA_USAGE = YES_ERROR;
				CLANG_WARN_DOCUMENTATION_COMMENTS = YES;
				CLANG_WARN_EMPTY_BODY = YES;
				CLANG_WARN_ENUM_CONVERSION = YES;
				CLANG_WARN_INFINITE_RECURSION = YES;
				CLANG_WARN_INT_CONVERSION = YES;
				CLANG_WARN_NON_LITERAL_NULL_CONVERSION = YES;
				CLANG_WARN_OBJC_IMPLICIT_RETAIN_SELF = YES;
				CLANG_WARN_OBJC_LITERAL_CONVERSION = YES;
				CLANG_WARN_OBJC_ROOT_CLASS = YES_ERROR;
				CLANG_WARN_QUOTED_INCLUDE_IN_FRAMEWORK_HEADER = YES;
				CLANG_WARN_RANGE_LOOP_ANALYSIS = YES;
				CLANG_WARN_STRICT_PROTOTYPES = YES;
				CLANG_WARN_SUSPICIOUS_MOVE = YES;
				CLANG_WARN_UNGUARDED_AVAILABILITY = YES_AGGRESSIVE;
				CLANG_WARN_UNREACHABLE_CODE = YES;
				CLANG_WARN__DUPLICATE_METHOD_MATCH = YES;
				COPY_PHASE_STRIP = NO;
				DEBUG_INFORMATION_FORMAT = dwarf;
				ENABLE_STRICT_OBJC_MSGSEND = YES;
				ENABLE_TESTABILITY = YES;
				GCC_C_LANGUAGE_STANDARD = gnu11;
				GCC_DYNAMIC_NO_PIC = NO;
				GCC_NO_COMMON_BLOCKS = YES;
				GCC_OPTIMIZATION_LEVEL = 0;
				GCC_PREPROCESSOR_DEFINITIONS = (
					"DEBUG=1",
					"$(inherited)",
				);
				GCC_WARN_64_TO_32_BIT_CONVERSION = YES;
				GCC_WARN_ABOUT_RETURN_TYPE = YES_ERROR;
				GCC_WARN_UNDECLARED_SELECTOR = YES;
				GCC_WARN_UNINITIALIZED_AUTOS = YES_AGGRESSIVE;
				GCC_WARN_UNUSED_FUNCTION = YES;
				GCC_WARN_UNUSED_VARIABLE = YES;
				IPHONEOS_DEPLOYMENT_TARGET = 16.0;
				MTL_ENABLE_DEBUG_INFO = INCLUDE_SOURCE;
				MTL_FAST_MATH = YES;
				ONLY_ACTIVE_ARCH = YES;
				SDKROOT = iphoneos;
				SWIFT_ACTIVE_COMPILATION_CONDITIONS = DEBUG;
				SWIFT_OPTIMIZATION_LEVEL = "-Onone";
			};
			name = Debug;
		};
		F488F09528FFA75900264AC6 /* Release */ = {
			isa = XCBuildConfiguration;
			buildSettings = {
				ALWAYS_SEARCH_USER_PATHS = NO;
				CLANG_ANALYZER_NONNULL = YES;
				CLANG_ANALYZER_NUMBER_OBJECT_CONVERSION = YES_AGGRESSIVE;
				CLANG_CXX_LANGUAGE_STANDARD = "gnu++20";
				CLANG_ENABLE_MODULES = YES;
				CLANG_ENABLE_OBJC_ARC = YES;
				CLANG_ENABLE_OBJC_WEAK = YES;
				CLANG_WARN_BLOCK_CAPTURE_AUTORELEASING = YES;
				CLANG_WARN_BOOL_CONVERSION = YES;
				CLANG_WARN_COMMA = YES;
				CLANG_WARN_CONSTANT_CONVERSION = YES;
				CLANG_WARN_DEPRECATED_OBJC_IMPLEMENTATIONS = YES;
				CLANG_WARN_DIRECT_OBJC_ISA_USAGE = YES_ERROR;
				CLANG_WARN_DOCUMENTATION_COMMENTS = YES;
				CLANG_WARN_EMPTY_BODY = YES;
				CLANG_WARN_ENUM_CONVERSION = YES;
				CLANG_WARN_INFINITE_RECURSION = YES;
				CLANG_WARN_INT_CONVERSION = YES;
				CLANG_WARN_NON_LITERAL_NULL_CONVERSION = YES;
				CLANG_WARN_OBJC_IMPLICIT_RETAIN_SELF = YES;
				CLANG_WARN_OBJC_LITERAL_CONVERSION = YES;
				CLANG_WARN_OBJC_ROOT_CLASS = YES_ERROR;
				CLANG_WARN_QUOTED_INCLUDE_IN_FRAMEWORK_HEADER = YES;
				CLANG_WARN_RANGE_LOOP_ANALYSIS = YES;
				CLANG_WARN_STRICT_PROTOTYPES = YES;
				CLANG_WARN_SUSPICIOUS_MOVE = YES;
				CLANG_WARN_UNGUARDED_AVAILABILITY = YES_AGGRESSIVE;
				CLANG_WARN_UNREACHABLE_CODE = YES;
				CLANG_WARN__DUPLICATE_METHOD_MATCH = YES;
				COPY_PHASE_STRIP = NO;
				DEBUG_INFORMATION_FORMAT = "dwarf-with-dsym";
				ENABLE_NS_ASSERTIONS = NO;
				ENABLE_STRICT_OBJC_MSGSEND = YES;
				GCC_C_LANGUAGE_STANDARD = gnu11;
				GCC_NO_COMMON_BLOCKS = YES;
				GCC_WARN_64_TO_32_BIT_CONVERSION = YES;
				GCC_WARN_ABOUT_RETURN_TYPE = YES_ERROR;
				GCC_WARN_UNDECLARED_SELECTOR = YES;
				GCC_WARN_UNINITIALIZED_AUTOS = YES_AGGRESSIVE;
				GCC_WARN_UNUSED_FUNCTION = YES;
				GCC_WARN_UNUSED_VARIABLE = YES;
				IPHONEOS_DEPLOYMENT_TARGET = 16.0;
				MTL_ENABLE_DEBUG_INFO = NO;
				MTL_FAST_MATH = YES;
				SDKROOT = iphoneos;
				SWIFT_COMPILATION_MODE = wholemodule;
				SWIFT_OPTIMIZATION_LEVEL = "-O";
				VALIDATE_PRODUCT = YES;
			};
			name = Release;
		};
		F488F09728FFA75900264AC6 /* Debug */ = {
			isa = XCBuildConfiguration;
			buildSettings = {
				ASSETCATALOG_COMPILER_APPICON_NAME = AppIcon;
				ASSETCATALOG_COMPILER_GLOBAL_ACCENT_COLOR_NAME = AccentColor;
				CODE_SIGN_STYLE = Automatic;
				CURRENT_PROJECT_VERSION = 1;
				DEVELOPMENT_ASSET_PATHS = "\"ExameniOS/Preview Content\"";
				DEVELOPMENT_TEAM = ZF8XCAL554;
				ENABLE_PREVIEWS = YES;
				GENERATE_INFOPLIST_FILE = YES;
				INFOPLIST_FILE = ExameniOS/Info.plist;
				INFOPLIST_KEY_UIApplicationSceneManifest_Generation = YES;
				INFOPLIST_KEY_UIApplicationSupportsIndirectInputEvents = YES;
				INFOPLIST_KEY_UILaunchScreen_Generation = YES;
				INFOPLIST_KEY_UISupportedInterfaceOrientations_iPad = "UIInterfaceOrientationPortrait UIInterfaceOrientationPortraitUpsideDown UIInterfaceOrientationLandscapeLeft UIInterfaceOrientationLandscapeRight";
				INFOPLIST_KEY_UISupportedInterfaceOrientations_iPhone = "UIInterfaceOrientationPortrait UIInterfaceOrientationLandscapeLeft UIInterfaceOrientationLandscapeRight";
				LD_RUNPATH_SEARCH_PATHS = (
					"$(inherited)",
					"@executable_path/Frameworks",
				);
				MARKETING_VERSION = 1.0;
				PRODUCT_BUNDLE_IDENTIFIER = com.ExameniOS;
				PRODUCT_NAME = "$(TARGET_NAME)";
				SWIFT_EMIT_LOC_STRINGS = YES;
				SWIFT_VERSION = 5.0;
				TARGETED_DEVICE_FAMILY = "1,2";
			};
			name = Debug;
		};
		F488F09828FFA75900264AC6 /* Release */ = {
			isa = XCBuildConfiguration;
			buildSettings = {
				ASSETCATALOG_COMPILER_APPICON_NAME = AppIcon;
				ASSETCATALOG_COMPILER_GLOBAL_ACCENT_COLOR_NAME = AccentColor;
				CODE_SIGN_STYLE = Automatic;
				CURRENT_PROJECT_VERSION = 1;
				DEVELOPMENT_ASSET_PATHS = "\"ExameniOS/Preview Content\"";
				DEVELOPMENT_TEAM = ZF8XCAL554;
				ENABLE_PREVIEWS = YES;
				GENERATE_INFOPLIST_FILE = YES;
				INFOPLIST_FILE = ExameniOS/Info.plist;
				INFOPLIST_KEY_UIApplicationSceneManifest_Generation = YES;
				INFOPLIST_KEY_UIApplicationSupportsIndirectInputEvents = YES;
				INFOPLIST_KEY_UILaunchScreen_Generation = YES;
				INFOPLIST_KEY_UISupportedInterfaceOrientations_iPad = "UIInterfaceOrientationPortrait UIInterfaceOrientationPortraitUpsideDown UIInterfaceOrientationLandscapeLeft UIInterfaceOrientationLandscapeRight";
				INFOPLIST_KEY_UISupportedInterfaceOrientations_iPhone = "UIInterfaceOrientationPortrait UIInterfaceOrientationLandscapeLeft UIInterfaceOrientationLandscapeRight";
				LD_RUNPATH_SEARCH_PATHS = (
					"$(inherited)",
					"@executable_path/Frameworks",
				);
				MARKETING_VERSION = 1.0;
				PRODUCT_BUNDLE_IDENTIFIER = com.ExameniOS;
				PRODUCT_NAME = "$(TARGET_NAME)";
				SWIFT_EMIT_LOC_STRINGS = YES;
				SWIFT_VERSION = 5.0;
				TARGETED_DEVICE_FAMILY = "1,2";
			};
			name = Release;
		};
/* End XCBuildConfiguration section */

/* Begin XCConfigurationList section */
		F488F08328FFA75800264AC6 /* Build configuration list for PBXProject "ExameniOS" */ = {
			isa = XCConfigurationList;
			buildConfigurations = (
				F488F09428FFA75900264AC6 /* Debug */,
				F488F09528FFA75900264AC6 /* Release */,
			);
			defaultConfigurationIsVisible = 0;
			defaultConfigurationName = Release;
		};
		F488F09628FFA75900264AC6 /* Build configuration list for PBXNativeTarget "ExameniOS" */ = {
			isa = XCConfigurationList;
			buildConfigurations = (
				F488F09728FFA75900264AC6 /* Debug */,
				F488F09828FFA75900264AC6 /* Release */,
			);
			defaultConfigurationIsVisible = 0;
			defaultConfigurationName = Release;
		};
/* End XCConfigurationList section */

/* Begin XCRemoteSwiftPackageReference section */
		F490670D2900D2ED0003D9B4 /* XCRemoteSwiftPackageReference "firebase-ios-sdk" */ = {
			isa = XCRemoteSwiftPackageReference;
			repositoryURL = "https://github.com/firebase/firebase-ios-sdk.git";
			requirement = {
				kind = upToNextMajorVersion;
				minimumVersion = 9.0.0;
			};
		};
/* End XCRemoteSwiftPackageReference section */

/* Begin XCSwiftPackageProductDependency section */
		F490670E2900D2ED0003D9B4 /* FirebaseDatabase */ = {
			isa = XCSwiftPackageProductDependency;
			package = F490670D2900D2ED0003D9B4 /* XCRemoteSwiftPackageReference "firebase-ios-sdk" */;
			productName = FirebaseDatabase;
		};
		F49067102900D2ED0003D9B4 /* FirebaseDatabaseSwift */ = {
			isa = XCSwiftPackageProductDependency;
			package = F490670D2900D2ED0003D9B4 /* XCRemoteSwiftPackageReference "firebase-ios-sdk" */;
			productName = FirebaseDatabaseSwift;
		};
		F49067122900D2ED0003D9B4 /* FirebaseStorage */ = {
			isa = XCSwiftPackageProductDependency;
			package = F490670D2900D2ED0003D9B4 /* XCRemoteSwiftPackageReference "firebase-ios-sdk" */;
			productName = FirebaseStorage;
		};
		F49067142900D2ED0003D9B4 /* FirebaseStorageCombine-Community */ = {
			isa = XCSwiftPackageProductDependency;
			package = F490670D2900D2ED0003D9B4 /* XCRemoteSwiftPackageReference "firebase-ios-sdk" */;
			productName = "FirebaseStorageCombine-Community";
		};
/* End XCSwiftPackageProductDependency section */
	};
	rootObject = F488F08028FFA75800264AC6 /* Project object */;
}
